# @generated by Move, please check-in and do not edit manually.

[move]
version = 3
manifest_digest = "035770590B76D4F08C2D4B01DE1BEE0342B3B18C70CCF29C510DE07DC4BFEC5C"
deps_digest = "F8BBB0CCB2491CA29A3DF03D6F92277A4F3574266507ACD77214D37ECA3F3082"
dependencies = [
  { id = "Iota", name = "Iota" },
]

[[move.package]]
id = "Iota"
source = { git = "https://github.com/iotaledger/iota.git", rev = "devnet", subdir = "crates/iota-framework/packages/iota-framework" }

dependencies = [
  { id = "MoveStdlib", name = "MoveStdlib" },
]

[[move.package]]
id = "MoveStdlib"
source = { git = "https://github.com/iotaledger/iota.git", rev = "devnet", subdir = "crates/iota-framework/packages/move-stdlib" }

[move.toolchain-version]
compiler-version = "1.12.0-rc"
edition = "2024"
flavor = "iota"

[env]

[env.testnet]
chain-id = "2304aa97"
original-published-id = "0x2d6edcb588270bf888e6a7c81bf23e857ef4ed32be2fc32a9cafdf14288e3717"
latest-published-id = "0x2d6edcb588270bf888e6a7c81bf23e857ef4ed32be2fc32a9cafdf14288e3717"
published-version = "1"

[env.devnet]
chain-id = "e678123a"
original-published-id = "0x0d572c1f2d860d5f5fca2d21facfc570738489c5cd9db9363ae0196f4df85e0c"
latest-published-id = "0x0d572c1f2d860d5f5fca2d21facfc570738489c5cd9db9363ae0196f4df85e0c"
published-version = "1"

